
Microsoft Visual Studio Solution File, Format Version 12.00
# Visual Studio Version 17
VisualStudioVersion = 17.2.32616.157
MinimumVisualStudioVersion = 10.0.40219.1
Project("{FAE04EC0-301F-11D3-BF4B-00C04F79EFBC}") = "EmployeeManagement", "EmployeeManagement.csproj", "{7DFE2E4B-37F5-4DAB-8988-AF1349D0933E}"
EndProject
Global
	GlobalSection(SolutionConfigurationPlatforms) = preSolution
		Debug|Any CPU = Debug|Any CPU
		Release|Any CPU = Release|Any CPU
	EndGlobalSection
	GlobalSection(ProjectConfigurationPlatforms) = postSolution
		{7DFE2E4B-37F5-4DAB-8988-AF1349D0933E}.Debug|Any CPU.ActiveCfg = Debug|Any CPU
		{7DFE2E4B-37F5-4DAB-8988-AF1349D0933E}.Debug|Any CPU.Build.0 = Debug|Any CPU
		{7DFE2E4B-37F5-4DAB-8988-AF1349D0933E}.Release|Any CPU.ActiveCfg = Release|Any CPU
		{7DFE2E4B-37F5-4DAB-8988-AF1349D0933E}.Release|Any CPU.Build.0 = Release|Any CPU
	EndGlobalSection
	GlobalSection(SolutionProperties) = preSolution
		HideSolutionNode = FALSE
	EndGlobalSection
	GlobalSection(ExtensibilityGlobals) = postSolution
		SolutionGuid = {E9BBA1AF-EB11-4424-83A0-84581CD63253}
	EndGlobalSection
EndGlobal
